
Microsoft Visual Studio Solution File, Format Version 12.00
# Visual Studio Version 16
VisualStudioVersion = 16.0.31112.23
MinimumVisualStudioVersion = 10.0.40219.1
Project("{8BC9CEB8-8B4A-11D0-8D11-00A0C91BC942}") = "Project", "Project\Project.vcxproj", "{D841A74C-EC82-451A-8768-F677BAD88FAB}"
EndProject
Project("{8BC9CEB8-8B4A-11D0-8D11-00A0C91BC942}") = "RecordManagerTest", "RecordManagerTest\RecordManagerTest.vcxproj", "{036941B6-1C83-4388-A0E2-CABB222B986B}"
EndProject
Project("{8BC9CEB8-8B4A-11D0-8D11-00A0C91BC942}") = "IndexManagerTest", "IndexManagerTest\IndexManagerTest.vcxproj", "{E9268858-CFA1-4525-B343-6239EFC21A14}"
EndProject
Project("{8BC9CEB8-8B4A-11D0-8D11-00A0C91BC942}") = "CatalogManagerTest", "CatalogManagerTest\CatalogManagerTest.vcxproj", "{92FF2BE7-3284-4EA4-A3BF-53AE9F512506}"
EndProject
Project("{8BC9CEB8-8B4A-11D0-8D11-00A0C91BC942}") = "BufferManagerTest", "BufferManagerTest\BufferManagerTest.vcxproj", "{A6E823A7-78C5-4308-8D8F-F81D6599BBF2}"
EndProject
Global
	GlobalSection(SolutionConfigurationPlatforms) = preSolution
		Debug|x64 = Debug|x64
		Debug|x86 = Debug|x86
		Release|x64 = Release|x64
		Release|x86 = Release|x86
	EndGlobalSection
	GlobalSection(ProjectConfigurationPlatforms) = postSolution
		{D841A74C-EC82-451A-8768-F677BAD88FAB}.Debug|x64.ActiveCfg = Debug|x64
		{D841A74C-EC82-451A-8768-F677BAD88FAB}.Debug|x64.Build.0 = Debug|x64
		{D841A74C-EC82-451A-8768-F677BAD88FAB}.Debug|x86.ActiveCfg = Debug|Win32
		{D841A74C-EC82-451A-8768-F677BAD88FAB}.Debug|x86.Build.0 = Debug|Win32
		{D841A74C-EC82-451A-8768-F677BAD88FAB}.Release|x64.ActiveCfg = Release|x64
		{D841A74C-EC82-451A-8768-F677BAD88FAB}.Release|x64.Build.0 = Release|x64
		{D841A74C-EC82-451A-8768-F677BAD88FAB}.Release|x86.ActiveCfg = Release|Win32
		{D841A74C-EC82-451A-8768-F677BAD88FAB}.Release|x86.Build.0 = Release|Win32
		{036941B6-1C83-4388-A0E2-CABB222B986B}.Debug|x64.ActiveCfg = Debug|x64
		{036941B6-1C83-4388-A0E2-CABB222B986B}.Debug|x64.Build.0 = Debug|x64
		{036941B6-1C83-4388-A0E2-CABB222B986B}.Debug|x86.ActiveCfg = Debug|Win32
		{036941B6-1C83-4388-A0E2-CABB222B986B}.Debug|x86.Build.0 = Debug|Win32
		{036941B6-1C83-4388-A0E2-CABB222B986B}.Release|x64.ActiveCfg = Release|x64
		{036941B6-1C83-4388-A0E2-CABB222B986B}.Release|x64.Build.0 = Release|x64
		{036941B6-1C83-4388-A0E2-CABB222B986B}.Release|x86.ActiveCfg = Release|Win32
		{036941B6-1C83-4388-A0E2-CABB222B986B}.Release|x86.Build.0 = Release|Win32
		{E9268858-CFA1-4525-B343-6239EFC21A14}.Debug|x64.ActiveCfg = Debug|x64
		{E9268858-CFA1-4525-B343-6239EFC21A14}.Debug|x64.Build.0 = Debug|x64
		{E9268858-CFA1-4525-B343-6239EFC21A14}.Debug|x86.ActiveCfg = Debug|Win32
		{E9268858-CFA1-4525-B343-6239EFC21A14}.Debug|x86.Build.0 = Debug|Win32
		{E9268858-CFA1-4525-B343-6239EFC21A14}.Release|x64.ActiveCfg = Release|x64
		{E9268858-CFA1-4525-B343-6239EFC21A14}.Release|x64.Build.0 = Release|x64
		{E9268858-CFA1-4525-B343-6239EFC21A14}.Release|x86.ActiveCfg = Release|Win32
		{E9268858-CFA1-4525-B343-6239EFC21A14}.Release|x86.Build.0 = Release|Win32
		{92FF2BE7-3284-4EA4-A3BF-53AE9F512506}.Debug|x64.ActiveCfg = Debug|x64
		{92FF2BE7-3284-4EA4-A3BF-53AE9F512506}.Debug|x64.Build.0 = Debug|x64
		{92FF2BE7-3284-4EA4-A3BF-53AE9F512506}.Debug|x86.ActiveCfg = Debug|Win32
		{92FF2BE7-3284-4EA4-A3BF-53AE9F512506}.Debug|x86.Build.0 = Debug|Win32
		{92FF2BE7-3284-4EA4-A3BF-53AE9F512506}.Release|x64.ActiveCfg = Release|x64
		{92FF2BE7-3284-4EA4-A3BF-53AE9F512506}.Release|x64.Build.0 = Release|x64
		{92FF2BE7-3284-4EA4-A3BF-53AE9F512506}.Release|x86.ActiveCfg = Release|Win32
		{92FF2BE7-3284-4EA4-A3BF-53AE9F512506}.Release|x86.Build.0 = Release|Win32
		{A6E823A7-78C5-4308-8D8F-F81D6599BBF2}.Debug|x64.ActiveCfg = Debug|x64
		{A6E823A7-78C5-4308-8D8F-F81D6599BBF2}.Debug|x64.Build.0 = Debug|x64
		{A6E823A7-78C5-4308-8D8F-F81D6599BBF2}.Debug|x86.ActiveCfg = Debug|Win32
		{A6E823A7-78C5-4308-8D8F-F81D6599BBF2}.Debug|x86.Build.0 = Debug|Win32
		{A6E823A7-78C5-4308-8D8F-F81D6599BBF2}.Release|x64.ActiveCfg = Release|x64
		{A6E823A7-78C5-4308-8D8F-F81D6599BBF2}.Release|x64.Build.0 = Release|x64
		{A6E823A7-78C5-4308-8D8F-F81D6599BBF2}.Release|x86.ActiveCfg = Release|Win32
		{A6E823A7-78C5-4308-8D8F-F81D6599BBF2}.Release|x86.Build.0 = Release|Win32
	EndGlobalSection
	GlobalSection(SolutionProperties) = preSolution
		HideSolutionNode = FALSE
	EndGlobalSection
	GlobalSection(ExtensibilityGlobals) = postSolution
		SolutionGuid = {B62EC9D6-F7F3-4C75-814C-BEB336832C44}
	EndGlobalSection
EndGlobal
