
Microsoft Visual Studio Solution File, Format Version 12.00
# Visual Studio Version 16
VisualStudioVersion = 16.0.31112.23
MinimumVisualStudioVersion = 10.0.40219.1
Project("{8BC9CEB8-8B4A-11D0-8D11-00A0C91BC942}") = "Project", "Project\Project.vcxproj", "{D841A74C-EC82-451A-8768-F677BAD88FAB}"
EndProject
Project("{8BC9CEB8-8B4A-11D0-8D11-00A0C91BC942}") = "RecordManagerTest", "RecordManagerTest\RecordManagerTest.vcxproj", "{6FAA6996-604F-4F30-865C-F8E6153D711C}"
EndProject
Global
	GlobalSection(SolutionConfigurationPlatforms) = preSolution
		Debug|x64 = Debug|x64
		Debug|x86 = Debug|x86
		Release|x64 = Release|x64
		Release|x86 = Release|x86
	EndGlobalSection
	GlobalSection(ProjectConfigurationPlatforms) = postSolution
		{D841A74C-EC82-451A-8768-F677BAD88FAB}.Debug|x64.ActiveCfg = Debug|x64
		{D841A74C-EC82-451A-8768-F677BAD88FAB}.Debug|x64.Build.0 = Debug|x64
		{D841A74C-EC82-451A-8768-F677BAD88FAB}.Debug|x86.ActiveCfg = Debug|Win32
		{D841A74C-EC82-451A-8768-F677BAD88FAB}.Debug|x86.Build.0 = Debug|Win32
		{D841A74C-EC82-451A-8768-F677BAD88FAB}.Release|x64.ActiveCfg = Release|x64
		{D841A74C-EC82-451A-8768-F677BAD88FAB}.Release|x64.Build.0 = Release|x64
		{D841A74C-EC82-451A-8768-F677BAD88FAB}.Release|x86.ActiveCfg = Release|Win32
		{D841A74C-EC82-451A-8768-F677BAD88FAB}.Release|x86.Build.0 = Release|Win32
		{6FAA6996-604F-4F30-865C-F8E6153D711C}.Debug|x64.ActiveCfg = Debug|x64
		{6FAA6996-604F-4F30-865C-F8E6153D711C}.Debug|x64.Build.0 = Debug|x64
		{6FAA6996-604F-4F30-865C-F8E6153D711C}.Debug|x86.ActiveCfg = Debug|Win32
		{6FAA6996-604F-4F30-865C-F8E6153D711C}.Debug|x86.Build.0 = Debug|Win32
		{6FAA6996-604F-4F30-865C-F8E6153D711C}.Release|x64.ActiveCfg = Release|x64
		{6FAA6996-604F-4F30-865C-F8E6153D711C}.Release|x64.Build.0 = Release|x64
		{6FAA6996-604F-4F30-865C-F8E6153D711C}.Release|x86.ActiveCfg = Release|Win32
		{6FAA6996-604F-4F30-865C-F8E6153D711C}.Release|x86.Build.0 = Release|Win32
	EndGlobalSection
	GlobalSection(SolutionProperties) = preSolution
		HideSolutionNode = FALSE
	EndGlobalSection
	GlobalSection(ExtensibilityGlobals) = postSolution
		SolutionGuid = {B62EC9D6-F7F3-4C75-814C-BEB336832C44}
	EndGlobalSection
EndGlobal
