<?xml version="1.0" encoding="utf-8"?>
<Project ToolsVersion="4.0" xmlns="http://schemas.microsoft.com/developer/msbuild/2003">
  <ItemGroup>
    <Filter Include="Source Files">
      <UniqueIdentifier>{4FC737F1-C7A5-4376-A066-2A32D752A2FF}</UniqueIdentifier>
      <Extensions>cpp;c;cc;cxx;c++;cppm;ixx;def;odl;idl;hpj;bat;asm;asmx</Extensions>
    </Filter>
    <Filter Include="Header Files">
      <UniqueIdentifier>{93995380-89BD-4b04-88EB-625FBE52EBFB}</UniqueIdentifier>
      <Extensions>h;hh;hpp;hxx;h++;hm;inl;inc;ipp;xsd</Extensions>
    </Filter>
    <Filter Include="Resource Files">
      <UniqueIdentifier>{67DA6AB6-F800-4c08-8B7A-83BB121AAD01}</UniqueIdentifier>
      <Extensions>rc;ico;cur;bmp;dlg;rc2;rct;bin;rgs;gif;jpg;jpeg;jpe;resx;tiff;tif;png;wav;mfcribbon-ms</Extensions>
    </Filter>
    <Filter Include="Header Files\BufferManager">
      <UniqueIdentifier>{f7c5aa52-7c78-4f92-b186-2d70be4ffd1c}</UniqueIdentifier>
    </Filter>
    <Filter Include="Header Files\RecordManager">
      <UniqueIdentifier>{1226191a-f485-487f-b76c-5353ae418c0b}</UniqueIdentifier>
    </Filter>
    <Filter Include="Header Files\IndexManager">
      <UniqueIdentifier>{5ed1935f-8fbe-4fee-ac23-80c5a536183e}</UniqueIdentifier>
    </Filter>
    <Filter Include="Header Files\CatalogManager">
      <UniqueIdentifier>{0acc8576-862b-4d90-be50-af677842b727}</UniqueIdentifier>
    </Filter>
    <Filter Include="Header Files\API">
      <UniqueIdentifier>{d8cd076e-1549-4940-9829-d0330c516049}</UniqueIdentifier>
    </Filter>
    <Filter Include="Header Files\Interpreter">
      <UniqueIdentifier>{a5271942-4a03-4634-a7fa-656a84d6f2a0}</UniqueIdentifier>
    </Filter>
    <Filter Include="Resource Files\BufferManager">
      <UniqueIdentifier>{b32d17a5-d02b-4132-944f-33ea5f1fb06a}</UniqueIdentifier>
    </Filter>
    <Filter Include="Resource Files\RecordManager">
      <UniqueIdentifier>{1967b4de-1475-4268-8a49-cc5d7c414613}</UniqueIdentifier>
    </Filter>
    <Filter Include="Resource Files\API">
      <UniqueIdentifier>{11ee3e1e-eecf-49d8-9607-e59df36993b0}</UniqueIdentifier>
    </Filter>
    <Filter Include="Resource Files\APP">
      <UniqueIdentifier>{6a94b47b-7b76-4472-ba8f-793e21833665}</UniqueIdentifier>
    </Filter>
    <Filter Include="Header Files\APP">
      <UniqueIdentifier>{10da4b5d-c2d9-4191-946c-ccb5bd5de5d4}</UniqueIdentifier>
    </Filter>
    <Filter Include="Resource Files\CatalogManager">
      <UniqueIdentifier>{95059a81-53b9-4b62-b384-b533de15ec47}</UniqueIdentifier>
    </Filter>
    <Filter Include="Resource Files\IndexManager">
      <UniqueIdentifier>{cfb56dd0-d610-465a-aefe-77811a5d2816}</UniqueIdentifier>
    </Filter>
    <Filter Include="Resource Files\Interpreter">
      <UniqueIdentifier>{6aee306d-cb53-4ac5-a542-ec1ba245e3e4}</UniqueIdentifier>
    </Filter>
  </ItemGroup>
  <ItemGroup>
    <ClCompile Include="main.cpp">
      <Filter>Source Files</Filter>
    </ClCompile>
    <ClCompile Include="..\src\RecordManager.cpp">
      <Filter>Resource Files\RecordManager</Filter>
    </ClCompile>
    <ClCompile Include="..\src\APP.cpp">
      <Filter>Resource Files\APP</Filter>
    </ClCompile>
    <ClCompile Include="..\src\API.cpp">
      <Filter>Resource Files\API</Filter>
    </ClCompile>
    <ClCompile Include="..\src\CatalogManager.cpp">
      <Filter>Resource Files\CatalogManager</Filter>
    </ClCompile>
    <ClCompile Include="..\src\IndexManager.cpp">
      <Filter>Resource Files\IndexManager</Filter>
    </ClCompile>
    <ClCompile Include="..\src\Interpreter.cpp">
      <Filter>Resource Files\Interpreter</Filter>
    </ClCompile>
    <ClCompile Include="..\src\BufferManager.cpp">
      <Filter>Resource Files\BufferManager</Filter>
    </ClCompile>
  </ItemGroup>
  <ItemGroup>
    <ClInclude Include="..\include\BufferManager.h">
      <Filter>Header Files\BufferManager</Filter>
    </ClInclude>
    <ClInclude Include="..\include\APP.h">
      <Filter>Header Files\APP</Filter>
    </ClInclude>
    <ClInclude Include="..\include\Interpreter.h">
      <Filter>Header Files\Interpreter</Filter>
    </ClInclude>
    <ClInclude Include="..\include\API.h">
      <Filter>Header Files\API</Filter>
    </ClInclude>
    <ClInclude Include="..\include\CatalogManager.h">
      <Filter>Header Files\CatalogManager</Filter>
    </ClInclude>
    <ClInclude Include="..\include\IndexManager.h">
      <Filter>Header Files\IndexManager</Filter>
    </ClInclude>
    <ClInclude Include="..\include\RecordManager.h">
      <Filter>Header Files\RecordManager</Filter>
    </ClInclude>
    <ClInclude Include="..\include\def.h">
      <Filter>Header Files</Filter>
    </ClInclude>
  </ItemGroup>
</Project>